// !$*UTF8*$!
{
	archiveVersion = 1;
	classes = {
	};
	objectVersion = 56;
	objects = {

/* Begin PBXBuildFile section */
		0854733D2A14C93800332B8A /* TV.swift in Sources */ = {isa = PBXBuildFile; fileRef = 0854733C2A14C93800332B8A /* TV.swift */; };
		08605B2D29FDE26E00F93070 /* AppDelegate.swift in Sources */ = {isa = PBXBuildFile; fileRef = 08605B2C29FDE26E00F93070 /* AppDelegate.swift */; };
		08605B2F29FDE26E00F93070 /* SceneDelegate.swift in Sources */ = {isa = PBXBuildFile; fileRef = 08605B2E29FDE26E00F93070 /* SceneDelegate.swift */; };
		08605B3129FDE26E00F93070 /* MainTabBarVC.swift in Sources */ = {isa = PBXBuildFile; fileRef = 08605B3029FDE26E00F93070 /* MainTabBarVC.swift */; };
		08605B3629FDE26F00F93070 /* Assets.xcassets in Resources */ = {isa = PBXBuildFile; fileRef = 08605B3529FDE26F00F93070 /* Assets.xcassets */; };
		08605B3929FDE26F00F93070 /* LaunchScreen.storyboard in Resources */ = {isa = PBXBuildFile; fileRef = 08605B3729FDE26F00F93070 /* LaunchScreen.storyboard */; };
		08605B4229FE669100F93070 /* HomeVC.swift in Sources */ = {isa = PBXBuildFile; fileRef = 08605B4129FE669100F93070 /* HomeVC.swift */; };
		08605B4429FE66C300F93070 /* SearchVC.swift in Sources */ = {isa = PBXBuildFile; fileRef = 08605B4329FE66C300F93070 /* SearchVC.swift */; };
		08605B4629FE66F000F93070 /* UpcomingVC.swift in Sources */ = {isa = PBXBuildFile; fileRef = 08605B4529FE66F000F93070 /* UpcomingVC.swift */; };
		08605B4829FE671700F93070 /* DownloadsVC.swift in Sources */ = {isa = PBXBuildFile; fileRef = 08605B4729FE671700F93070 /* DownloadsVC.swift */; };
		08605B4F29FE813800F93070 /* CollectionViewTableViewCell.swift in Sources */ = {isa = PBXBuildFile; fileRef = 08605B4E29FE813800F93070 /* CollectionViewTableViewCell.swift */; };
		08605B5129FECFD500F93070 /* HeroHeaderUIView.swift in Sources */ = {isa = PBXBuildFile; fileRef = 08605B5029FECFD500F93070 /* HeroHeaderUIView.swift */; };
		08FCBAEA2A13A22400B43B0A /* APICaller.swift in Sources */ = {isa = PBXBuildFile; fileRef = 08FCBAE92A13A22400B43B0A /* APICaller.swift */; };
		08FCBAEC2A13C28C00B43B0A /* Movie.swift in Sources */ = {isa = PBXBuildFile; fileRef = 08FCBAEB2A13C28C00B43B0A /* Movie.swift */; };
		08FCBAEE2A13CA4800B43B0A /* Extensions.swift in Sources */ = {isa = PBXBuildFile; fileRef = 08FCBAED2A13CA4800B43B0A /* Extensions.swift */; };
/* End PBXBuildFile section */

/* Begin PBXFileReference section */
		0854733C2A14C93800332B8A /* TV.swift */ = {isa = PBXFileReference; lastKnownFileType = sourcecode.swift; path = TV.swift; sourceTree = "<group>"; };
		08605B2929FDE26E00F93070 /* Movie App.app */ = {isa = PBXFileReference; explicitFileType = wrapper.application; includeInIndex = 0; path = "Movie App.app"; sourceTree = BUILT_PRODUCTS_DIR; };
		08605B2C29FDE26E00F93070 /* AppDelegate.swift */ = {isa = PBXFileReference; lastKnownFileType = sourcecode.swift; path = AppDelegate.swift; sourceTree = "<group>"; };
		08605B2E29FDE26E00F93070 /* SceneDelegate.swift */ = {isa = PBXFileReference; lastKnownFileType = sourcecode.swift; path = SceneDelegate.swift; sourceTree = "<group>"; };
		08605B3029FDE26E00F93070 /* MainTabBarVC.swift */ = {isa = PBXFileReference; lastKnownFileType = sourcecode.swift; path = MainTabBarVC.swift; sourceTree = "<group>"; };
		08605B3529FDE26F00F93070 /* Assets.xcassets */ = {isa = PBXFileReference; lastKnownFileType = folder.assetcatalog; path = Assets.xcassets; sourceTree = "<group>"; };
		08605B3829FDE26F00F93070 /* Base */ = {isa = PBXFileReference; lastKnownFileType = file.storyboard; name = Base; path = Base.lproj/LaunchScreen.storyboard; sourceTree = "<group>"; };
		08605B3A29FDE26F00F93070 /* Info.plist */ = {isa = PBXFileReference; lastKnownFileType = text.plist.xml; path = Info.plist; sourceTree = "<group>"; };
		08605B4129FE669100F93070 /* HomeVC.swift */ = {isa = PBXFileReference; lastKnownFileType = sourcecode.swift; path = HomeVC.swift; sourceTree = "<group>"; };
		08605B4329FE66C300F93070 /* SearchVC.swift */ = {isa = PBXFileReference; lastKnownFileType = sourcecode.swift; path = SearchVC.swift; sourceTree = "<group>"; };
		08605B4529FE66F000F93070 /* UpcomingVC.swift */ = {isa = PBXFileReference; lastKnownFileType = sourcecode.swift; path = UpcomingVC.swift; sourceTree = "<group>"; };
		08605B4729FE671700F93070 /* DownloadsVC.swift */ = {isa = PBXFileReference; lastKnownFileType = sourcecode.swift; path = DownloadsVC.swift; sourceTree = "<group>"; };
		08605B4E29FE813800F93070 /* CollectionViewTableViewCell.swift */ = {isa = PBXFileReference; lastKnownFileType = sourcecode.swift; path = CollectionViewTableViewCell.swift; sourceTree = "<group>"; };
		08605B5029FECFD500F93070 /* HeroHeaderUIView.swift */ = {isa = PBXFileReference; lastKnownFileType = sourcecode.swift; path = HeroHeaderUIView.swift; sourceTree = "<group>"; };
		08FCBAE92A13A22400B43B0A /* APICaller.swift */ = {isa = PBXFileReference; lastKnownFileType = sourcecode.swift; path = APICaller.swift; sourceTree = "<group>"; };
		08FCBAEB2A13C28C00B43B0A /* Movie.swift */ = {isa = PBXFileReference; lastKnownFileType = sourcecode.swift; path = Movie.swift; sourceTree = "<group>"; };
		08FCBAED2A13CA4800B43B0A /* Extensions.swift */ = {isa = PBXFileReference; lastKnownFileType = sourcecode.swift; path = Extensions.swift; sourceTree = "<group>"; };
/* End PBXFileReference section */

/* Begin PBXFrameworksBuildPhase section */
		08605B2629FDE26E00F93070 /* Frameworks */ = {
			isa = PBXFrameworksBuildPhase;
			buildActionMask = 2147483647;
			files = (
			);
			runOnlyForDeploymentPostprocessing = 0;
		};
/* End PBXFrameworksBuildPhase section */

/* Begin PBXGroup section */
		08605B2029FDE26E00F93070 = {
			isa = PBXGroup;
			children = (
				08605B2B29FDE26E00F93070 /* Movie App */,
				08605B2A29FDE26E00F93070 /* Products */,
			);
			sourceTree = "<group>";
		};
		08605B2A29FDE26E00F93070 /* Products */ = {
			isa = PBXGroup;
			children = (
				08605B2929FDE26E00F93070 /* Movie App.app */,
			);
			name = Products;
			sourceTree = "<group>";
		};
		08605B2B29FDE26E00F93070 /* Movie App */ = {
			isa = PBXGroup;
			children = (
				08605B4D29FE80E300F93070 /* Managers */,
				08605B4C29FE80D600F93070 /* Resources */,
				08605B4B29FE809E00F93070 /* Models */,
				08605B4929FE808800F93070 /* Views */,
				08605B4A29FE809400F93070 /* ViewModels */,
				08605B4029FE665700F93070 /* Controllers */,
				08605B2C29FDE26E00F93070 /* AppDelegate.swift */,
				08605B2E29FDE26E00F93070 /* SceneDelegate.swift */,
				08605B3029FDE26E00F93070 /* MainTabBarVC.swift */,
				08605B3529FDE26F00F93070 /* Assets.xcassets */,
				08605B3729FDE26F00F93070 /* LaunchScreen.storyboard */,
				08605B3A29FDE26F00F93070 /* Info.plist */,
			);
			path = "Movie App";
			sourceTree = "<group>";
		};
		08605B4029FE665700F93070 /* Controllers */ = {
			isa = PBXGroup;
			children = (
				08605B4129FE669100F93070 /* HomeVC.swift */,
				08605B4329FE66C300F93070 /* SearchVC.swift */,
				08605B4529FE66F000F93070 /* UpcomingVC.swift */,
				08605B4729FE671700F93070 /* DownloadsVC.swift */,
			);
			path = Controllers;
			sourceTree = "<group>";
		};
		08605B4929FE808800F93070 /* Views */ = {
			isa = PBXGroup;
			children = (
				08605B4E29FE813800F93070 /* CollectionViewTableViewCell.swift */,
				08605B5029FECFD500F93070 /* HeroHeaderUIView.swift */,
			);
			path = Views;
			sourceTree = "<group>";
		};
		08605B4A29FE809400F93070 /* ViewModels */ = {
			isa = PBXGroup;
			children = (
			);
			path = ViewModels;
			sourceTree = "<group>";
		};
		08605B4B29FE809E00F93070 /* Models */ = {
			isa = PBXGroup;
			children = (
				08FCBAEB2A13C28C00B43B0A /* Movie.swift */,
				0854733C2A14C93800332B8A /* TV.swift */,
			);
			path = Models;
			sourceTree = "<group>";
		};
		08605B4C29FE80D600F93070 /* Resources */ = {
			isa = PBXGroup;
			children = (
				08FCBAED2A13CA4800B43B0A /* Extensions.swift */,
			);
			path = Resources;
			sourceTree = "<group>";
		};
		08605B4D29FE80E300F93070 /* Managers */ = {
			isa = PBXGroup;
			children = (
				08FCBAE92A13A22400B43B0A /* APICaller.swift */,
			);
			path = Managers;
			sourceTree = "<group>";
		};
/* End PBXGroup section */

/* Begin PBXNativeTarget section */
		08605B2829FDE26E00F93070 /* Movie App */ = {
			isa = PBXNativeTarget;
			buildConfigurationList = 08605B3D29FDE26F00F93070 /* Build configuration list for PBXNativeTarget "Movie App" */;
			buildPhases = (
				08605B2529FDE26E00F93070 /* Sources */,
				08605B2629FDE26E00F93070 /* Frameworks */,
				08605B2729FDE26E00F93070 /* Resources */,
			);
			buildRules = (
			);
			dependencies = (
			);
			name = "Movie App";
			productName = "Movie App";
			productReference = 08605B2929FDE26E00F93070 /* Movie App.app */;
			productType = "com.apple.product-type.application";
		};
/* End PBXNativeTarget section */

/* Begin PBXProject section */
		08605B2129FDE26E00F93070 /* Project object */ = {
			isa = PBXProject;
			attributes = {
				BuildIndependentTargetsInParallel = 1;
				LastSwiftUpdateCheck = 1430;
				LastUpgradeCheck = 1430;
				TargetAttributes = {
					08605B2829FDE26E00F93070 = {
						CreatedOnToolsVersion = 14.3;
					};
				};
			};
			buildConfigurationList = 08605B2429FDE26E00F93070 /* Build configuration list for PBXProject "Movie App" */;
			compatibilityVersion = "Xcode 14.0";
			developmentRegion = en;
			hasScannedForEncodings = 0;
			knownRegions = (
				en,
				Base,
			);
			mainGroup = 08605B2029FDE26E00F93070;
			productRefGroup = 08605B2A29FDE26E00F93070 /* Products */;
			projectDirPath = "";
			projectRoot = "";
			targets = (
				08605B2829FDE26E00F93070 /* Movie App */,
			);
		};
/* End PBXProject section */

/* Begin PBXResourcesBuildPhase section */
		08605B2729FDE26E00F93070 /* Resources */ = {
			isa = PBXResourcesBuildPhase;
			buildActionMask = 2147483647;
			files = (
				08605B3929FDE26F00F93070 /* LaunchScreen.storyboard in Resources */,
				08605B3629FDE26F00F93070 /* Assets.xcassets in Resources */,
			);
			runOnlyForDeploymentPostprocessing = 0;
		};
/* End PBXResourcesBuildPhase section */

/* Begin PBXSourcesBuildPhase section */
		08605B2529FDE26E00F93070 /* Sources */ = {
			isa = PBXSourcesBuildPhase;
			buildActionMask = 2147483647;
			files = (
				08605B3129FDE26E00F93070 /* MainTabBarVC.swift in Sources */,
				0854733D2A14C93800332B8A /* TV.swift in Sources */,
				08605B4429FE66C300F93070 /* SearchVC.swift in Sources */,
				08605B4F29FE813800F93070 /* CollectionViewTableViewCell.swift in Sources */,
				08FCBAEA2A13A22400B43B0A /* APICaller.swift in Sources */,
				08605B5129FECFD500F93070 /* HeroHeaderUIView.swift in Sources */,
				08605B4229FE669100F93070 /* HomeVC.swift in Sources */,
				08605B2D29FDE26E00F93070 /* AppDelegate.swift in Sources */,
				08FCBAEE2A13CA4800B43B0A /* Extensions.swift in Sources */,
				08605B4829FE671700F93070 /* DownloadsVC.swift in Sources */,
				08605B4629FE66F000F93070 /* UpcomingVC.swift in Sources */,
				08FCBAEC2A13C28C00B43B0A /* Movie.swift in Sources */,
				08605B2F29FDE26E00F93070 /* SceneDelegate.swift in Sources */,
			);
			runOnlyForDeploymentPostprocessing = 0;
		};
/* End PBXSourcesBuildPhase section */

/* Begin PBXVariantGroup section */
		08605B3729FDE26F00F93070 /* LaunchScreen.storyboard */ = {
			isa = PBXVariantGroup;
			children = (
				08605B3829FDE26F00F93070 /* Base */,
			);
			name = LaunchScreen.storyboard;
			sourceTree = "<group>";
		};
/* End PBXVariantGroup section */

/* Begin XCBuildConfiguration section */
		08605B3B29FDE26F00F93070 /* Debug */ = {
			isa = XCBuildConfiguration;
			buildSettings = {
				ALWAYS_SEARCH_USER_PATHS = NO;
				CLANG_ANALYZER_NONNULL = YES;
				CLANG_ANALYZER_NUMBER_OBJECT_CONVERSION = YES_AGGRESSIVE;
				CLANG_CXX_LANGUAGE_STANDARD = "gnu++20";
				CLANG_ENABLE_MODULES = YES;
				CLANG_ENABLE_OBJC_ARC = YES;
				CLANG_ENABLE_OBJC_WEAK = YES;
				CLANG_WARN_BLOCK_CAPTURE_AUTORELEASING = YES;
				CLANG_WARN_BOOL_CONVERSION = YES;
				CLANG_WARN_COMMA = YES;
				CLANG_WARN_CONSTANT_CONVERSION = YES;
				CLANG_WARN_DEPRECATED_OBJC_IMPLEMENTATIONS = YES;
				CLANG_WARN_DIRECT_OBJC_ISA_USAGE = YES_ERROR;
				CLANG_WARN_DOCUMENTATION_COMMENTS = YES;
				CLANG_WARN_EMPTY_BODY = YES;
				CLANG_WARN_ENUM_CONVERSION = YES;
				CLANG_WARN_INFINITE_RECURSION = YES;
				CLANG_WARN_INT_CONVERSION = YES;
				CLANG_WARN_NON_LITERAL_NULL_CONVERSION = YES;
				CLANG_WARN_OBJC_IMPLICIT_RETAIN_SELF = YES;
				CLANG_WARN_OBJC_LITERAL_CONVERSION = YES;
				CLANG_WARN_OBJC_ROOT_CLASS = YES_ERROR;
				CLANG_WARN_QUOTED_INCLUDE_IN_FRAMEWORK_HEADER = YES;
				CLANG_WARN_RANGE_LOOP_ANALYSIS = YES;
				CLANG_WARN_STRICT_PROTOTYPES = YES;
				CLANG_WARN_SUSPICIOUS_MOVE = YES;
				CLANG_WARN_UNGUARDED_AVAILABILITY = YES_AGGRESSIVE;
				CLANG_WARN_UNREACHABLE_CODE = YES;
				CLANG_WARN__DUPLICATE_METHOD_MATCH = YES;
				COPY_PHASE_STRIP = NO;
				DEBUG_INFORMATION_FORMAT = dwarf;
				ENABLE_STRICT_OBJC_MSGSEND = YES;
				ENABLE_TESTABILITY = YES;
				GCC_C_LANGUAGE_STANDARD = gnu11;
				GCC_DYNAMIC_NO_PIC = NO;
				GCC_NO_COMMON_BLOCKS = YES;
				GCC_OPTIMIZATION_LEVEL = 0;
				GCC_PREPROCESSOR_DEFINITIONS = (
					"DEBUG=1",
					"$(inherited)",
				);
				GCC_WARN_64_TO_32_BIT_CONVERSION = YES;
				GCC_WARN_ABOUT_RETURN_TYPE = YES_ERROR;
				GCC_WARN_UNDECLARED_SELECTOR = YES;
				GCC_WARN_UNINITIALIZED_AUTOS = YES_AGGRESSIVE;
				GCC_WARN_UNUSED_FUNCTION = YES;
				GCC_WARN_UNUSED_VARIABLE = YES;
				IPHONEOS_DEPLOYMENT_TARGET = 16.4;
				MTL_ENABLE_DEBUG_INFO = INCLUDE_SOURCE;
				MTL_FAST_MATH = YES;
				ONLY_ACTIVE_ARCH = YES;
				SDKROOT = iphoneos;
				SWIFT_ACTIVE_COMPILATION_CONDITIONS = DEBUG;
				SWIFT_OPTIMIZATION_LEVEL = "-Onone";
			};
			name = Debug;
		};
		08605B3C29FDE26F00F93070 /* Release */ = {
			isa = XCBuildConfiguration;
			buildSettings = {
				ALWAYS_SEARCH_USER_PATHS = NO;
				CLANG_ANALYZER_NONNULL = YES;
				CLANG_ANALYZER_NUMBER_OBJECT_CONVERSION = YES_AGGRESSIVE;
				CLANG_CXX_LANGUAGE_STANDARD = "gnu++20";
				CLANG_ENABLE_MODULES = YES;
				CLANG_ENABLE_OBJC_ARC = YES;
				CLANG_ENABLE_OBJC_WEAK = YES;
				CLANG_WARN_BLOCK_CAPTURE_AUTORELEASING = YES;
				CLANG_WARN_BOOL_CONVERSION = YES;
				CLANG_WARN_COMMA = YES;
				CLANG_WARN_CONSTANT_CONVERSION = YES;
				CLANG_WARN_DEPRECATED_OBJC_IMPLEMENTATIONS = YES;
				CLANG_WARN_DIRECT_OBJC_ISA_USAGE = YES_ERROR;
				CLANG_WARN_DOCUMENTATION_COMMENTS = YES;
				CLANG_WARN_EMPTY_BODY = YES;
				CLANG_WARN_ENUM_CONVERSION = YES;
				CLANG_WARN_INFINITE_RECURSION = YES;
				CLANG_WARN_INT_CONVERSION = YES;
				CLANG_WARN_NON_LITERAL_NULL_CONVERSION = YES;
				CLANG_WARN_OBJC_IMPLICIT_RETAIN_SELF = YES;
				CLANG_WARN_OBJC_LITERAL_CONVERSION = YES;
				CLANG_WARN_OBJC_ROOT_CLASS = YES_ERROR;
				CLANG_WARN_QUOTED_INCLUDE_IN_FRAMEWORK_HEADER = YES;
				CLANG_WARN_RANGE_LOOP_ANALYSIS = YES;
				CLANG_WARN_STRICT_PROTOTYPES = YES;
				CLANG_WARN_SUSPICIOUS_MOVE = YES;
				CLANG_WARN_UNGUARDED_AVAILABILITY = YES_AGGRESSIVE;
				CLANG_WARN_UNREACHABLE_CODE = YES;
				CLANG_WARN__DUPLICATE_METHOD_MATCH = YES;
				COPY_PHASE_STRIP = NO;
				DEBUG_INFORMATION_FORMAT = "dwarf-with-dsym";
				ENABLE_NS_ASSERTIONS = NO;
				ENABLE_STRICT_OBJC_MSGSEND = YES;
				GCC_C_LANGUAGE_STANDARD = gnu11;
				GCC_NO_COMMON_BLOCKS = YES;
				GCC_WARN_64_TO_32_BIT_CONVERSION = YES;
				GCC_WARN_ABOUT_RETURN_TYPE = YES_ERROR;
				GCC_WARN_UNDECLARED_SELECTOR = YES;
				GCC_WARN_UNINITIALIZED_AUTOS = YES_AGGRESSIVE;
				GCC_WARN_UNUSED_FUNCTION = YES;
				GCC_WARN_UNUSED_VARIABLE = YES;
				IPHONEOS_DEPLOYMENT_TARGET = 16.4;
				MTL_ENABLE_DEBUG_INFO = NO;
				MTL_FAST_MATH = YES;
				SDKROOT = iphoneos;
				SWIFT_COMPILATION_MODE = wholemodule;
				SWIFT_OPTIMIZATION_LEVEL = "-O";
				VALIDATE_PRODUCT = YES;
			};
			name = Release;
		};
		08605B3E29FDE26F00F93070 /* Debug */ = {
			isa = XCBuildConfiguration;
			buildSettings = {
				ASSETCATALOG_COMPILER_APPICON_NAME = AppIcon;
				ASSETCATALOG_COMPILER_GLOBAL_ACCENT_COLOR_NAME = AccentColor;
				CODE_SIGN_STYLE = Automatic;
				CURRENT_PROJECT_VERSION = 1;
				DEVELOPMENT_TEAM = 794WKWM2LJ;
				GENERATE_INFOPLIST_FILE = YES;
				INFOPLIST_FILE = "Movie App/Info.plist";
				INFOPLIST_KEY_UIApplicationSupportsIndirectInputEvents = YES;
				INFOPLIST_KEY_UILaunchStoryboardName = LaunchScreen;
				INFOPLIST_KEY_UIMainStoryboardFile = "";
				INFOPLIST_KEY_UISupportedInterfaceOrientations_iPad = "UIInterfaceOrientationPortrait UIInterfaceOrientationPortraitUpsideDown UIInterfaceOrientationLandscapeLeft UIInterfaceOrientationLandscapeRight";
				INFOPLIST_KEY_UISupportedInterfaceOrientations_iPhone = "UIInterfaceOrientationPortrait UIInterfaceOrientationLandscapeLeft UIInterfaceOrientationLandscapeRight";
				LD_RUNPATH_SEARCH_PATHS = (
					"$(inherited)",
					"@executable_path/Frameworks",
				);
				MARKETING_VERSION = 1.0;
				PRODUCT_BUNDLE_IDENTIFIER = "com.agahberkinguler.Movie-App";
				PRODUCT_NAME = "$(TARGET_NAME)";
				SWIFT_EMIT_LOC_STRINGS = YES;
				SWIFT_VERSION = 5.0;
				TARGETED_DEVICE_FAMILY = "1,2";
			};
			name = Debug;
		};
		08605B3F29FDE26F00F93070 /* Release */ = {
			isa = XCBuildConfiguration;
			buildSettings = {
				ASSETCATALOG_COMPILER_APPICON_NAME = AppIcon;
				ASSETCATALOG_COMPILER_GLOBAL_ACCENT_COLOR_NAME = AccentColor;
				CODE_SIGN_STYLE = Automatic;
				CURRENT_PROJECT_VERSION = 1;
				DEVELOPMENT_TEAM = 794WKWM2LJ;
				GENERATE_INFOPLIST_FILE = YES;
				INFOPLIST_FILE = "Movie App/Info.plist";
				INFOPLIST_KEY_UIApplicationSupportsIndirectInputEvents = YES;
				INFOPLIST_KEY_UILaunchStoryboardName = LaunchScreen;
				INFOPLIST_KEY_UIMainStoryboardFile = "";
				INFOPLIST_KEY_UISupportedInterfaceOrientations_iPad = "UIInterfaceOrientationPortrait UIInterfaceOrientationPortraitUpsideDown UIInterfaceOrientationLandscapeLeft UIInterfaceOrientationLandscapeRight";
				INFOPLIST_KEY_UISupportedInterfaceOrientations_iPhone = "UIInterfaceOrientationPortrait UIInterfaceOrientationLandscapeLeft UIInterfaceOrientationLandscapeRight";
				LD_RUNPATH_SEARCH_PATHS = (
					"$(inherited)",
					"@executable_path/Frameworks",
				);
				MARKETING_VERSION = 1.0;
				PRODUCT_BUNDLE_IDENTIFIER = "com.agahberkinguler.Movie-App";
				PRODUCT_NAME = "$(TARGET_NAME)";
				SWIFT_EMIT_LOC_STRINGS = YES;
				SWIFT_VERSION = 5.0;
				TARGETED_DEVICE_FAMILY = "1,2";
			};
			name = Release;
		};
/* End XCBuildConfiguration section */

/* Begin XCConfigurationList section */
		08605B2429FDE26E00F93070 /* Build configuration list for PBXProject "Movie App" */ = {
			isa = XCConfigurationList;
			buildConfigurations = (
				08605B3B29FDE26F00F93070 /* Debug */,
				08605B3C29FDE26F00F93070 /* Release */,
			);
			defaultConfigurationIsVisible = 0;
			defaultConfigurationName = Release;
		};
		08605B3D29FDE26F00F93070 /* Build configuration list for PBXNativeTarget "Movie App" */ = {
			isa = XCConfigurationList;
			buildConfigurations = (
				08605B3E29FDE26F00F93070 /* Debug */,
				08605B3F29FDE26F00F93070 /* Release */,
			);
			defaultConfigurationIsVisible = 0;
			defaultConfigurationName = Release;
		};
/* End XCConfigurationList section */
	};
	rootObject = 08605B2129FDE26E00F93070 /* Project object */;
}
